
Microsoft Visual Studio Solution File, Format Version 12.00
# Visual Studio 15
VisualStudioVersion = 15.0.27130.2036
MinimumVisualStudioVersion = 10.0.40219.1
Project("{FAE04EC0-301F-11D3-BF4B-00C04F79EFBC}") = "AutomatedTellerMachine", "AutomatedTellerMachine\AutomatedTellerMachine.csproj", "{611F8860-08C7-4934-880C-88544C0639EA}"
EndProject
Project("{FAE04EC0-301F-11D3-BF4B-00C04F79EFBC}") = "AutomatedTellerMachine.Tests", "AutomatedTellerMachine.Tests\AutomatedTellerMachine.Tests.csproj", "{C8DDDD55-7348-4E87-BAB3-F8D158CCAFBB}"
EndProject
Global
	GlobalSection(SolutionConfigurationPlatforms) = preSolution
		Debug|Any CPU = Debug|Any CPU
		Release|Any CPU = Release|Any CPU
	EndGlobalSection
	GlobalSection(ProjectConfigurationPlatforms) = postSolution
		{611F8860-08C7-4934-880C-88544C0639EA}.Debug|Any CPU.ActiveCfg = Debug|Any CPU
		{611F8860-08C7-4934-880C-88544C0639EA}.Debug|Any CPU.Build.0 = Debug|Any CPU
		{611F8860-08C7-4934-880C-88544C0639EA}.Release|Any CPU.ActiveCfg = Release|Any CPU
		{611F8860-08C7-4934-880C-88544C0639EA}.Release|Any CPU.Build.0 = Release|Any CPU
		{C8DDDD55-7348-4E87-BAB3-F8D158CCAFBB}.Debug|Any CPU.ActiveCfg = Debug|Any CPU
		{C8DDDD55-7348-4E87-BAB3-F8D158CCAFBB}.Debug|Any CPU.Build.0 = Debug|Any CPU
		{C8DDDD55-7348-4E87-BAB3-F8D158CCAFBB}.Release|Any CPU.ActiveCfg = Release|Any CPU
		{C8DDDD55-7348-4E87-BAB3-F8D158CCAFBB}.Release|Any CPU.Build.0 = Release|Any CPU
	EndGlobalSection
	GlobalSection(SolutionProperties) = preSolution
		HideSolutionNode = FALSE
	EndGlobalSection
	GlobalSection(ExtensibilityGlobals) = postSolution
		SolutionGuid = {1E266A8D-1678-49E6-9861-B02559041E04}
	EndGlobalSection
EndGlobal
